
Microsoft Visual Studio Solution File, Format Version 12.00
# Visual Studio Version 16
VisualStudioVersion = 16.0.31911.196
MinimumVisualStudioVersion = 10.0.40219.1
Project("{FAE04EC0-301F-11D3-BF4B-00C04F79EFBC}") = "AnsToUniverse42", "AnsToUniverse42.csproj", "{06EE6A53-1125-4A2F-963A-A47D48F55100}"
EndProject
Global
	GlobalSection(SolutionConfigurationPlatforms) = preSolution
		Debug|Any CPU = Debug|Any CPU
		Release|Any CPU = Release|Any CPU
	EndGlobalSection
	GlobalSection(ProjectConfigurationPlatforms) = postSolution
		{06EE6A53-1125-4A2F-963A-A47D48F55100}.Debug|Any CPU.ActiveCfg = Debug|Any CPU
		{06EE6A53-1125-4A2F-963A-A47D48F55100}.Debug|Any CPU.Build.0 = Debug|Any CPU
		{06EE6A53-1125-4A2F-963A-A47D48F55100}.Release|Any CPU.ActiveCfg = Release|Any CPU
		{06EE6A53-1125-4A2F-963A-A47D48F55100}.Release|Any CPU.Build.0 = Release|Any CPU
	EndGlobalSection
	GlobalSection(SolutionProperties) = preSolution
		HideSolutionNode = FALSE
	EndGlobalSection
	GlobalSection(ExtensibilityGlobals) = postSolution
		SolutionGuid = {2359CD65-70D5-47B8-ACAB-CB86687CB118}
	EndGlobalSection
EndGlobal
