
Microsoft Visual Studio Solution File, Format Version 12.00
# Visual Studio Version 17
VisualStudioVersion = 17.0.32014.148
MinimumVisualStudioVersion = 10.0.40219.1
Project("{FAE04EC0-301F-11D3-BF4B-00C04F79EFBC}") = "DivisibilityProblem", "DivisibilityProblem\DivisibilityProblem.csproj", "{B31858CB-5AA4-4E21-AC50-0C7C3A134148}"
EndProject
Global
	GlobalSection(SolutionConfigurationPlatforms) = preSolution
		Debug|Any CPU = Debug|Any CPU
		Release|Any CPU = Release|Any CPU
	EndGlobalSection
	GlobalSection(ProjectConfigurationPlatforms) = postSolution
		{B31858CB-5AA4-4E21-AC50-0C7C3A134148}.Debug|Any CPU.ActiveCfg = Debug|Any CPU
		{B31858CB-5AA4-4E21-AC50-0C7C3A134148}.Debug|Any CPU.Build.0 = Debug|Any CPU
		{B31858CB-5AA4-4E21-AC50-0C7C3A134148}.Release|Any CPU.ActiveCfg = Release|Any CPU
		{B31858CB-5AA4-4E21-AC50-0C7C3A134148}.Release|Any CPU.Build.0 = Release|Any CPU
	EndGlobalSection
	GlobalSection(SolutionProperties) = preSolution
		HideSolutionNode = FALSE
	EndGlobalSection
	GlobalSection(ExtensibilityGlobals) = postSolution
		SolutionGuid = {9D1B54B0-356A-4CEF-97D5-2D3FFB660061}
	EndGlobalSection
EndGlobal
